
Microsoft Visual Studio Solution File, Format Version 12.00
# Visual Studio Version 17
VisualStudioVersion = 17.3.32804.467
MinimumVisualStudioVersion = 10.0.40219.1
Project("{FAE04EC0-301F-11D3-BF4B-00C04F79EFBC}") = "Nowin", "Nowin\Nowin.csproj", "{EFF3B76F-E9E4-4DA6-B46D-E2DEA456545E}"
EndProject
Project("{FAE04EC0-301F-11D3-BF4B-00C04F79EFBC}") = "OwinHostingSample", "OwinHostingSample\OwinHostingSample.csproj", "{F94CD73D-F902-4A36-BF6E-DF9233D60397}"
EndProject
Project("{FAE04EC0-301F-11D3-BF4B-00C04F79EFBC}") = "NowinAcme", "NowinAcme\NowinAcme.csproj", "{8EDEC294-9E0B-4E51-88B7-98C1FA4E00E1}"
EndProject
Project("{FAE04EC0-301F-11D3-BF4B-00C04F79EFBC}") = "NowinAcmeSample", "NowinAcmeSample\NowinAcmeSample.csproj", "{39CECD4E-F976-4FB0-8E07-ED9C9A00B647}"
EndProject
Project("{FAE04EC0-301F-11D3-BF4B-00C04F79EFBC}") = "Microsoft.Owin.StaticFiles", "Microsoft.Owin.StaticFiles\Microsoft.Owin.StaticFiles.csproj", "{F31A42DB-2F57-4DAC-B2BC-106F2D6F3C82}"
EndProject
Project("{FAE04EC0-301F-11D3-BF4B-00C04F79EFBC}") = "Microsoft.Owin.StaticFiles.Tests", "Microsoft.Owin.StaticFiles.Tests\Microsoft.Owin.StaticFiles.Tests.csproj", "{473F6EEE-455F-4553-953D-5D0736D62D11}"
EndProject
Global
	GlobalSection(SolutionConfigurationPlatforms) = preSolution
		Debug|Any CPU = Debug|Any CPU
		Release|Any CPU = Release|Any CPU
	EndGlobalSection
	GlobalSection(ProjectConfigurationPlatforms) = postSolution
		{EFF3B76F-E9E4-4DA6-B46D-E2DEA456545E}.Debug|Any CPU.ActiveCfg = Debug|Any CPU
		{EFF3B76F-E9E4-4DA6-B46D-E2DEA456545E}.Debug|Any CPU.Build.0 = Debug|Any CPU
		{EFF3B76F-E9E4-4DA6-B46D-E2DEA456545E}.Release|Any CPU.ActiveCfg = Release|Any CPU
		{EFF3B76F-E9E4-4DA6-B46D-E2DEA456545E}.Release|Any CPU.Build.0 = Release|Any CPU
		{F94CD73D-F902-4A36-BF6E-DF9233D60397}.Debug|Any CPU.ActiveCfg = Debug|Any CPU
		{F94CD73D-F902-4A36-BF6E-DF9233D60397}.Debug|Any CPU.Build.0 = Debug|Any CPU
		{F94CD73D-F902-4A36-BF6E-DF9233D60397}.Release|Any CPU.ActiveCfg = Release|Any CPU
		{F94CD73D-F902-4A36-BF6E-DF9233D60397}.Release|Any CPU.Build.0 = Release|Any CPU
		{8EDEC294-9E0B-4E51-88B7-98C1FA4E00E1}.Debug|Any CPU.ActiveCfg = Debug|Any CPU
		{8EDEC294-9E0B-4E51-88B7-98C1FA4E00E1}.Debug|Any CPU.Build.0 = Debug|Any CPU
		{8EDEC294-9E0B-4E51-88B7-98C1FA4E00E1}.Release|Any CPU.ActiveCfg = Release|Any CPU
		{8EDEC294-9E0B-4E51-88B7-98C1FA4E00E1}.Release|Any CPU.Build.0 = Release|Any CPU
		{39CECD4E-F976-4FB0-8E07-ED9C9A00B647}.Debug|Any CPU.ActiveCfg = Debug|Any CPU
		{39CECD4E-F976-4FB0-8E07-ED9C9A00B647}.Debug|Any CPU.Build.0 = Debug|Any CPU
		{39CECD4E-F976-4FB0-8E07-ED9C9A00B647}.Release|Any CPU.ActiveCfg = Release|Any CPU
		{39CECD4E-F976-4FB0-8E07-ED9C9A00B647}.Release|Any CPU.Build.0 = Release|Any CPU
		{F31A42DB-2F57-4DAC-B2BC-106F2D6F3C82}.Debug|Any CPU.ActiveCfg = Debug|Any CPU
		{F31A42DB-2F57-4DAC-B2BC-106F2D6F3C82}.Debug|Any CPU.Build.0 = Debug|Any CPU
		{F31A42DB-2F57-4DAC-B2BC-106F2D6F3C82}.Release|Any CPU.ActiveCfg = Release|Any CPU
		{F31A42DB-2F57-4DAC-B2BC-106F2D6F3C82}.Release|Any CPU.Build.0 = Release|Any CPU
		{473F6EEE-455F-4553-953D-5D0736D62D11}.Debug|Any CPU.ActiveCfg = Debug|Any CPU
		{473F6EEE-455F-4553-953D-5D0736D62D11}.Debug|Any CPU.Build.0 = Debug|Any CPU
		{473F6EEE-455F-4553-953D-5D0736D62D11}.Release|Any CPU.ActiveCfg = Release|Any CPU
		{473F6EEE-455F-4553-953D-5D0736D62D11}.Release|Any CPU.Build.0 = Release|Any CPU
	EndGlobalSection
	GlobalSection(SolutionProperties) = preSolution
		HideSolutionNode = FALSE
	EndGlobalSection
	GlobalSection(ExtensibilityGlobals) = postSolution
		SolutionGuid = {CCB3EA92-C5C7-4A88-884E-DB0671E19E75}
	EndGlobalSection
EndGlobal
